version = 1
revision = 2
requires-python = ">=3.13"

[[package]]
name = "altgraph"
version = "0.17.4"
source = { registry = "https://pypi.org/simple" }
sdist = { url = "https://files.pythonhosted.org/packages/de/a8/7145824cf0b9e3c28046520480f207df47e927df83aa9555fb47f8505922/altgraph-0.17.4.tar.gz", hash = "sha256:1b5afbb98f6c4dcadb2e2ae6ab9fa994bbb8c1d75f4fa96d340f9437ae454406", size = 48418, upload-time = "2023-09-25T09:04:52.164Z" }
wheels = [
    { url = "https://files.pythonhosted.org/packages/4d/3f/3bc3f1d83f6e4a7fcb834d3720544ca597590425be5ba9db032b2bf322a2/altgraph-0.17.4-py2.py3-none-any.whl", hash = "sha256:642743b4750de17e655e6711601b077bc6598dbfa3ba5fa2b2a35ce12b508dff", size = 21212, upload-time = "2023-09-25T09:04:50.691Z" },
]

[[package]]
name = "asttokens"
version = "3.0.0"
source = { registry = "https://pypi.org/simple" }
sdist = { url = "https://files.pythonhosted.org/packages/4a/e7/82da0a03e7ba5141f05cce0d302e6eed121ae055e0456ca228bf693984bc/asttokens-3.0.0.tar.gz", hash = "sha256:0dcd8baa8d62b0c1d118b399b2ddba3c4aff271d0d7a9e0d4c1681c79035bbc7", size = 61978, upload-time = "2024-11-30T04:30:14.439Z" }
wheels = [
    { url = "https://files.pythonhosted.org/packages/25/8a/c46dcc25341b5bce5472c718902eb3d38600a903b14fa6aeecef3f21a46f/asttokens-3.0.0-py3-none-any.whl", hash = "sha256:e3078351a059199dd5138cb1c706e6430c05eff2ff136af5eb4790f9d28932e2", size = 26918, upload-time = "2024-11-30T04:30:10.946Z" },
]

[[package]]
name = "colorama"
version = "0.4.6"
source = { registry = "https://pypi.org/simple" }
sdist = { url = "https://files.pythonhosted.org/packages/d8/53/6f443c9a4a8358a93a6792e2acffb9d9d5cb0a5cfd8802644b7b1c9a02e4/colorama-0.4.6.tar.gz", hash = "sha256:08695f5cb7ed6e0531a20572697297273c47b8cae5a63ffc6d6ed5c201be6e44", size = 27697, upload-time = "2022-10-25T02:36:22.414Z" }
wheels = [
    { url = "https://files.pythonhosted.org/packages/d1/d6/3965ed04c63042e047cb6a3e6ed1a63a35087b6a609aa3a15ed8ac56c221/colorama-0.4.6-py2.py3-none-any.whl", hash = "sha256:4f1d9991f5acc0ca119f9d443620b77f9d6b33703e51011c16baf57afb285fc6", size = 25335, upload-time = "2022-10-25T02:36:20.889Z" },
]

[[package]]
name = "dnspython"
version = "2.7.0"
source = { registry = "https://pypi.org/simple" }
sdist = { url = "https://files.pythonhosted.org/packages/b5/4a/263763cb2ba3816dd94b08ad3a33d5fdae34ecb856678773cc40a3605829/dnspython-2.7.0.tar.gz", hash = "sha256:ce9c432eda0dc91cf618a5cedf1a4e142651196bbcd2c80e89ed5a907e5cfaf1", size = 345197, upload-time = "2024-10-05T20:14:59.362Z" }
wheels = [
    { url = "https://files.pythonhosted.org/packages/68/1b/e0a87d256e40e8c888847551b20a017a6b98139178505dc7ffb96f04e954/dnspython-2.7.0-py3-none-any.whl", hash = "sha256:b4c34b7d10b51bcc3a5071e7b8dee77939f1e878477eeecc965e9835f63c6c86", size = 313632, upload-time = "2024-10-05T20:14:57.687Z" },
]

[[package]]
name = "dnsquery"
version = "0.1.0"
source = { virtual = "." }
dependencies = [
    { name = "dnspython" },
    { name = "icecream" },
    { name = "pyinstaller" },
]

[package.metadata]
requires-dist = [
    { name = "dnspython", specifier = ">=2.7.0" },
    { name = "icecream", specifier = ">=2.1.4" },
    { name = "pyinstaller", specifier = ">=6.13.0" },
]

[[package]]
name = "executing"
version = "2.2.0"
source = { registry = "https://pypi.org/simple" }
sdist = { url = "https://files.pythonhosted.org/packages/91/50/a9d80c47ff289c611ff12e63f7c5d13942c65d68125160cefd768c73e6e4/executing-2.2.0.tar.gz", hash = "sha256:5d108c028108fe2551d1a7b2e8b713341e2cb4fc0aa7dcf966fa4327a5226755", size = 978693, upload-time = "2025-01-22T15:41:29.403Z" }
wheels = [
    { url = "https://files.pythonhosted.org/packages/7b/8f/c4d9bafc34ad7ad5d8dc16dd1347ee0e507a52c3adb6bfa8887e1c6a26ba/executing-2.2.0-py2.py3-none-any.whl", hash = "sha256:11387150cad388d62750327a53d3339fad4888b39a6fe233c3afbb54ecffd3aa", size = 26702, upload-time = "2025-01-22T15:41:25.929Z" },
]

[[package]]
name = "icecream"
version = "2.1.4"
source = { registry = "https://pypi.org/simple" }
dependencies = [
    { name = "asttokens" },
    { name = "colorama" },
    { name = "executing" },
    { name = "pygments" },
]
sdist = { url = "https://files.pythonhosted.org/packages/78/5e/9f41831f032b9ce456c919c4989952562fcc2b0eb8c038080c24ce20d6cd/icecream-2.1.4.tar.gz", hash = "sha256:58755e58397d5350a76f25976dee7b607f5febb3c6e1cddfe6b1951896e91573", size = 15872, upload-time = "2025-01-09T16:23:20.993Z" }
wheels = [
    { url = "https://files.pythonhosted.org/packages/57/1d/43ef7a6875190e6745ffcd1b12c7aaa7efed082897401e311ee1cd75c8b2/icecream-2.1.4-py3-none-any.whl", hash = "sha256:7bb715f69102cae871b3a361c3b656536db02cfcadac9664c673581cac4df4fd", size = 14782, upload-time = "2025-01-09T16:23:18.213Z" },
]

[[package]]
name = "macholib"
version = "1.16.3"
source = { registry = "https://pypi.org/simple" }
dependencies = [
    { name = "altgraph" },
]
sdist = { url = "https://files.pythonhosted.org/packages/95/ee/af1a3842bdd5902ce133bd246eb7ffd4375c38642aeb5dc0ae3a0329dfa2/macholib-1.16.3.tar.gz", hash = "sha256:07ae9e15e8e4cd9a788013d81f5908b3609aa76f9b1421bae9c4d7606ec86a30", size = 59309, upload-time = "2023-09-25T09:10:16.155Z" }
wheels = [
    { url = "https://files.pythonhosted.org/packages/d1/5d/c059c180c84f7962db0aeae7c3b9303ed1d73d76f2bfbc32bc231c8be314/macholib-1.16.3-py2.py3-none-any.whl", hash = "sha256:0e315d7583d38b8c77e815b1ecbdbf504a8258d8b3e17b61165c6feb60d18f2c", size = 38094, upload-time = "2023-09-25T09:10:14.188Z" },
]

[[package]]
name = "packaging"
version = "25.0"
source = { registry = "https://pypi.org/simple" }
sdist = { url = "https://files.pythonhosted.org/packages/a1/d4/1fc4078c65507b51b96ca8f8c3ba19e6a61c8253c72794544580a7b6c24d/packaging-25.0.tar.gz", hash = "sha256:d443872c98d677bf60f6a1f2f8c1cb748e8fe762d2bf9d3148b5599295b0fc4f", size = 165727, upload-time = "2025-04-19T11:48:59.673Z" }
wheels = [
    { url = "https://files.pythonhosted.org/packages/20/12/38679034af332785aac8774540895e234f4d07f7545804097de4b666afd8/packaging-25.0-py3-none-any.whl", hash = "sha256:29572ef2b1f17581046b3a2227d5c611fb25ec70ca1ba8554b24b0e69331a484", size = 66469, upload-time = "2025-04-19T11:48:57.875Z" },
]

[[package]]
name = "pefile"
version = "2023.2.7"
source = { registry = "https://pypi.org/simple" }
sdist = { url = "https://files.pythonhosted.org/packages/78/c5/3b3c62223f72e2360737fd2a57c30e5b2adecd85e70276879609a7403334/pefile-2023.2.7.tar.gz", hash = "sha256:82e6114004b3d6911c77c3953e3838654b04511b8b66e8583db70c65998017dc", size = 74854, upload-time = "2023-02-07T12:23:55.958Z" }
wheels = [
    { url = "https://files.pythonhosted.org/packages/55/26/d0ad8b448476d0a1e8d3ea5622dc77b916db84c6aa3cb1e1c0965af948fc/pefile-2023.2.7-py3-none-any.whl", hash = "sha256:da185cd2af68c08a6cd4481f7325ed600a88f6a813bad9dea07ab3ef73d8d8d6", size = 71791, upload-time = "2023-02-07T12:28:36.678Z" },
]

[[package]]
name = "pygments"
version = "2.19.1"
source = { registry = "https://pypi.org/simple" }
sdist = { url = "https://files.pythonhosted.org/packages/7c/2d/c3338d48ea6cc0feb8446d8e6937e1408088a72a39937982cc6111d17f84/pygments-2.19.1.tar.gz", hash = "sha256:61c16d2a8576dc0649d9f39e089b5f02bcd27fba10d8fb4dcc28173f7a45151f", size = 4968581, upload-time = "2025-01-06T17:26:30.443Z" }
wheels = [
    { url = "https://files.pythonhosted.org/packages/8a/0b/9fcc47d19c48b59121088dd6da2488a49d5f72dacf8262e2790a1d2c7d15/pygments-2.19.1-py3-none-any.whl", hash = "sha256:9ea1544ad55cecf4b8242fab6dd35a93bbce657034b0611ee383099054ab6d8c", size = 1225293, upload-time = "2025-01-06T17:26:25.553Z" },
]

[[package]]
name = "pyinstaller"
version = "6.13.0"
source = { registry = "https://pypi.org/simple" }
dependencies = [
    { name = "altgraph" },
    { name = "macholib", marker = "sys_platform == 'darwin'" },
    { name = "packaging" },
    { name = "pefile", marker = "sys_platform == 'win32'" },
    { name = "pyinstaller-hooks-contrib" },
    { name = "pywin32-ctypes", marker = "sys_platform == 'win32'" },
    { name = "setuptools" },
]
sdist = { url = "https://files.pythonhosted.org/packages/a8/b1/2949fe6d3874e961898ca5cfc1bf2cf13bdeea488b302e74a745bc28c8ba/pyinstaller-6.13.0.tar.gz", hash = "sha256:38911feec2c5e215e5159a7e66fdb12400168bd116143b54a8a7a37f08733456", size = 4276427, upload-time = "2025-04-15T23:25:31.646Z" }
wheels = [
    { url = "https://files.pythonhosted.org/packages/b4/02/d1a347d35b1b627da1e148159e617576555619ac3bb8bbd5fed661fc7bb5/pyinstaller-6.13.0-py3-none-macosx_10_13_universal2.whl", hash = "sha256:aa404f0b02cd57948098055e76ee190b8e65ccf7a2a3f048e5000f668317069f", size = 1001923, upload-time = "2025-04-15T23:24:17.646Z" },
    { url = "https://files.pythonhosted.org/packages/6b/80/6da39f7aeac65c9ca5afad0fac37887d75fdfd480178a7077c9d30b0704c/pyinstaller-6.13.0-py3-none-manylinux2014_aarch64.whl", hash = "sha256:92efcf2f09e78f07b568c5cb7ed48c9940f5dad627af4b49bede6320fab2a06e", size = 718135, upload-time = "2025-04-15T23:24:22.385Z" },
    { url = "https://files.pythonhosted.org/packages/05/2c/d21d31f780a489609e7bf6385c0f7635238dc98b37cba8645b53322b7450/pyinstaller-6.13.0-py3-none-manylinux2014_i686.whl", hash = "sha256:9f82f113c463f012faa0e323d952ca30a6f922685d9636e754bd3a256c7ed200", size = 728543, upload-time = "2025-04-15T23:24:27.02Z" },
    { url = "https://files.pythonhosted.org/packages/e1/20/e6ca87bbed6c0163533195707f820f05e10b8da1223fc6972cfe3c3c50c7/pyinstaller-6.13.0-py3-none-manylinux2014_ppc64le.whl", hash = "sha256:db0e7945ebe276f604eb7c36e536479556ab32853412095e19172a5ec8fca1c5", size = 726868, upload-time = "2025-04-15T23:24:31.779Z" },
    { url = "https://files.pythonhosted.org/packages/20/d5/53b19285f8817ab6c4b07c570208d62606bab0e5a049d50c93710a1d9dc6/pyinstaller-6.13.0-py3-none-manylinux2014_s390x.whl", hash = "sha256:92fe7337c5aa08d42b38d7a79614492cb571489f2cb0a8f91dc9ef9ccbe01ed3", size = 725037, upload-time = "2025-04-15T23:24:36.244Z" },
    { url = "https://files.pythonhosted.org/packages/84/5b/08e0b305ba71e6d7cb247e27d714da7536895b0283132d74d249bf662366/pyinstaller-6.13.0-py3-none-manylinux2014_x86_64.whl", hash = "sha256:bc09795f5954135dd4486c1535650958c8218acb954f43860e4b05fb515a21c0", size = 721027, upload-time = "2025-04-15T23:24:40.16Z" },
    { url = "https://files.pythonhosted.org/packages/1f/9c/d8d0a7120103471be8dbe1c5419542aa794b9b9ec2ef628b542f9e6f9ef0/pyinstaller-6.13.0-py3-none-musllinux_1_1_aarch64.whl", hash = "sha256:589937548d34978c568cfdc39f31cf386f45202bc27fdb8facb989c79dfb4c02", size = 723443, upload-time = "2025-04-15T23:24:50.63Z" },
    { url = "https://files.pythonhosted.org/packages/52/c7/8a9d81569dda2352068ecc6ee779d5feff6729569dd1b4ffd1236ecd38fe/pyinstaller-6.13.0-py3-none-musllinux_1_1_x86_64.whl", hash = "sha256:b7260832f7501ba1d2ce1834d4cddc0f2b94315282bc89c59333433715015447", size = 719915, upload-time = "2025-04-15T23:24:54.917Z" },
    { url = "https://files.pythonhosted.org/packages/d5/e6/cccadb02b90198c7ed4ffb8bc34d420efb72b996f47cbd4738067a602d65/pyinstaller-6.13.0-py3-none-win32.whl", hash = "sha256:80c568848529635aa7ca46d8d525f68486d53e03f68b7bb5eba2c88d742e302c", size = 1294997, upload-time = "2025-04-15T23:25:01.391Z" },
    { url = "https://files.pythonhosted.org/packages/1a/06/15cbe0e25d1e73d5b981fa41ff0bb02b15e924e30b8c61256f4a28c4c837/pyinstaller-6.13.0-py3-none-win_amd64.whl", hash = "sha256:8d4296236b85aae570379488c2da833b28828b17c57c2cc21fccd7e3811fe372", size = 1352714, upload-time = "2025-04-15T23:25:08.061Z" },
    { url = "https://files.pythonhosted.org/packages/83/ef/74379298d46e7caa6aa7ceccc865106d3d4b15ac487ffdda2a35bfb6fe79/pyinstaller-6.13.0-py3-none-win_arm64.whl", hash = "sha256:d9f21d56ca2443aa6a1e255e7ad285c76453893a454105abe1b4d45e92bb9a20", size = 1293589, upload-time = "2025-04-15T23:25:14.523Z" },
]

[[package]]
name = "pyinstaller-hooks-contrib"
version = "2025.4"
source = { registry = "https://pypi.org/simple" }
dependencies = [
    { name = "packaging" },
    { name = "setuptools" },
]
sdist = { url = "https://files.pythonhosted.org/packages/e3/94/dfc5c7903306211798f990e6794c2eb7b8685ac487b26979e9255790419c/pyinstaller_hooks_contrib-2025.4.tar.gz", hash = "sha256:5ce1afd1997b03e70f546207031cfdf2782030aabacc102190677059e2856446", size = 162628, upload-time = "2025-05-03T20:15:55.983Z" }
wheels = [
    { url = "https://files.pythonhosted.org/packages/d3/e1/ed48c7074145898e5c5b0072e87be975c5bd6a1d0f08c27a1daa7064fca0/pyinstaller_hooks_contrib-2025.4-py3-none-any.whl", hash = "sha256:6c2d73269b4c484eb40051fc1acee0beb113c2cfb3b37437b8394faae6f0d072", size = 434451, upload-time = "2025-05-03T20:15:54.579Z" },
]

[[package]]
name = "pywin32-ctypes"
version = "0.2.3"
source = { registry = "https://pypi.org/simple" }
sdist = { url = "https://files.pythonhosted.org/packages/85/9f/01a1a99704853cb63f253eea009390c88e7131c67e66a0a02099a8c917cb/pywin32-ctypes-0.2.3.tar.gz", hash = "sha256:d162dc04946d704503b2edc4d55f3dba5c1d539ead017afa00142c38b9885755", size = 29471, upload-time = "2024-08-14T10:15:34.626Z" }
wheels = [
    { url = "https://files.pythonhosted.org/packages/de/3d/8161f7711c017e01ac9f008dfddd9410dff3674334c233bde66e7ba65bbf/pywin32_ctypes-0.2.3-py3-none-any.whl", hash = "sha256:8a1513379d709975552d202d942d9837758905c8d01eb82b8bcc30918929e7b8", size = 30756, upload-time = "2024-08-14T10:15:33.187Z" },
]

[[package]]
name = "setuptools"
version = "80.8.0"
source = { registry = "https://pypi.org/simple" }
sdist = { url = "https://files.pythonhosted.org/packages/8d/d2/ec1acaaff45caed5c2dedb33b67055ba9d4e96b091094df90762e60135fe/setuptools-80.8.0.tar.gz", hash = "sha256:49f7af965996f26d43c8ae34539c8d99c5042fbff34302ea151eaa9c207cd257", size = 1319720, upload-time = "2025-05-20T14:02:53.503Z" }
wheels = [
    { url = "https://files.pythonhosted.org/packages/58/29/93c53c098d301132196c3238c312825324740851d77a8500a2462c0fd888/setuptools-80.8.0-py3-none-any.whl", hash = "sha256:95a60484590d24103af13b686121328cc2736bee85de8936383111e421b9edc0", size = 1201470, upload-time = "2025-05-20T14:02:51.348Z" },
]
